
Microsoft Visual Studio Solution File, Format Version 12.00
# Visual Studio Version 17
VisualStudioVersion = 17.13.35931.197 d17.13
MinimumVisualStudioVersion = 10.0.40219.1
Project("{FAE04EC0-301F-11D3-BF4B-00C04F79EFBC}") = "StudentsManagment", "StudentsManagment\StudentsManagment.csproj", "{18A04741-D213-4EC0-8FB1-CA3C985AA68B}"
EndProject
Project("{FAE04EC0-301F-11D3-BF4B-00C04F79EFBC}") = "StudentsManagment.Client", "StudentsManagment.Client\StudentsManagment.Client.csproj", "{8A0CAB2C-D88F-4FDB-9EB0-058B6176EE66}"
EndProject
Global
	GlobalSection(SolutionConfigurationPlatforms) = preSolution
		Debug|Any CPU = Debug|Any CPU
		Release|Any CPU = Release|Any CPU
	EndGlobalSection
	GlobalSection(ProjectConfigurationPlatforms) = postSolution
		{18A04741-D213-4EC0-8FB1-CA3C985AA68B}.Debug|Any CPU.ActiveCfg = Debug|Any CPU
		{18A04741-D213-4EC0-8FB1-CA3C985AA68B}.Debug|Any CPU.Build.0 = Debug|Any CPU
		{18A04741-D213-4EC0-8FB1-CA3C985AA68B}.Release|Any CPU.ActiveCfg = Release|Any CPU
		{18A04741-D213-4EC0-8FB1-CA3C985AA68B}.Release|Any CPU.Build.0 = Release|Any CPU
		{8A0CAB2C-D88F-4FDB-9EB0-058B6176EE66}.Debug|Any CPU.ActiveCfg = Debug|Any CPU
		{8A0CAB2C-D88F-4FDB-9EB0-058B6176EE66}.Debug|Any CPU.Build.0 = Debug|Any CPU
		{8A0CAB2C-D88F-4FDB-9EB0-058B6176EE66}.Release|Any CPU.ActiveCfg = Release|Any CPU
		{8A0CAB2C-D88F-4FDB-9EB0-058B6176EE66}.Release|Any CPU.Build.0 = Release|Any CPU
	EndGlobalSection
	GlobalSection(SolutionProperties) = preSolution
		HideSolutionNode = FALSE
	EndGlobalSection
	GlobalSection(ExtensibilityGlobals) = postSolution
		SolutionGuid = {95E52B18-EDC5-4A26-A255-E9111A878E58}
	EndGlobalSection
EndGlobal
